
Microsoft Visual Studio Solution File, Format Version 12.00
# Visual Studio Version 17
VisualStudioVersion = 17.2.32519.379
MinimumVisualStudioVersion = 10.0.40219.1
Project("{888888A0-9F3D-457C-B088-3A5042F75D52}") = "Indeks", "Indeks.pyproj", "{EBDFFDF4-6868-45B5-AD54-6C1BBF77F706}"
EndProject
Global
	GlobalSection(SolutionConfigurationPlatforms) = preSolution
		Debug|Any CPU = Debug|Any CPU
		Release|Any CPU = Release|Any CPU
	EndGlobalSection
	GlobalSection(ProjectConfigurationPlatforms) = postSolution
		{EBDFFDF4-6868-45B5-AD54-6C1BBF77F706}.Debug|Any CPU.ActiveCfg = Debug|Any CPU
		{EBDFFDF4-6868-45B5-AD54-6C1BBF77F706}.Release|Any CPU.ActiveCfg = Release|Any CPU
	EndGlobalSection
	GlobalSection(SolutionProperties) = preSolution
		HideSolutionNode = FALSE
	EndGlobalSection
	GlobalSection(ExtensibilityGlobals) = postSolution
		SolutionGuid = {04E5C18D-0490-46B7-B141-5F36AC7270DD}
	EndGlobalSection
EndGlobal
